
Microsoft Visual Studio Solution File, Format Version 12.00
# Visual Studio Version 17
VisualStudioVersion = 17.8.34330.188
MinimumVisualStudioVersion = 10.0.40219.1
Project("{9A19103F-16F7-4668-BE54-9A1E7A4F7556}") = "Magazine-Conveyor", "Magazine-Conveyor\Magazine-Conveyor.csproj", "{4CA2CA91-D6E4-4EE4-9815-71050D6C8C29}"
EndProject
Project("{FAE04EC0-301F-11D3-BF4B-00C04F79EFBC}") = "UnitTests", "Magazine-Conveyor\tests\UnitTests.csproj", "{E43CC546-1D14-4FAA-BDC9-7A832DB5A06D}"
EndProject
Global
	GlobalSection(SolutionConfigurationPlatforms) = preSolution
		Debug|Any CPU = Debug|Any CPU
		Release|Any CPU = Release|Any CPU
	EndGlobalSection
	GlobalSection(ProjectConfigurationPlatforms) = postSolution
		{4CA2CA91-D6E4-4EE4-9815-71050D6C8C29}.Debug|Any CPU.ActiveCfg = Debug|Any CPU
		{4CA2CA91-D6E4-4EE4-9815-71050D6C8C29}.Debug|Any CPU.Build.0 = Debug|Any CPU
		{4CA2CA91-D6E4-4EE4-9815-71050D6C8C29}.Release|Any CPU.ActiveCfg = Release|Any CPU
		{4CA2CA91-D6E4-4EE4-9815-71050D6C8C29}.Release|Any CPU.Build.0 = Release|Any CPU
		{E43CC546-1D14-4FAA-BDC9-7A832DB5A06D}.Debug|Any CPU.ActiveCfg = Debug|Any CPU
		{E43CC546-1D14-4FAA-BDC9-7A832DB5A06D}.Debug|Any CPU.Build.0 = Debug|Any CPU
		{E43CC546-1D14-4FAA-BDC9-7A832DB5A06D}.Release|Any CPU.ActiveCfg = Release|Any CPU
		{E43CC546-1D14-4FAA-BDC9-7A832DB5A06D}.Release|Any CPU.Build.0 = Release|Any CPU
	EndGlobalSection
	GlobalSection(SolutionProperties) = preSolution
		HideSolutionNode = FALSE
	EndGlobalSection
	GlobalSection(ExtensibilityGlobals) = postSolution
		SolutionGuid = {AB90EC2C-4DFD-4D35-936F-926B3C577056}
	EndGlobalSection
EndGlobal
